
Microsoft Visual Studio Solution File, Format Version 12.00
# Visual Studio Version 17
VisualStudioVersion = 17.2.32516.85
MinimumVisualStudioVersion = 10.0.40219.1
Project("{FAE04EC0-301F-11D3-BF4B-00C04F79EFBC}") = "AdoEntityTest", "AdoEntityTest\AdoEntityTest.csproj", "{BFE471B2-E0F8-4334-AF98-5D479A729724}"
EndProject
Global
	GlobalSection(SolutionConfigurationPlatforms) = preSolution
		Debug|Any CPU = Debug|Any CPU
		Release|Any CPU = Release|Any CPU
	EndGlobalSection
	GlobalSection(ProjectConfigurationPlatforms) = postSolution
		{BFE471B2-E0F8-4334-AF98-5D479A729724}.Debug|Any CPU.ActiveCfg = Debug|Any CPU
		{BFE471B2-E0F8-4334-AF98-5D479A729724}.Debug|Any CPU.Build.0 = Debug|Any CPU
		{BFE471B2-E0F8-4334-AF98-5D479A729724}.Release|Any CPU.ActiveCfg = Release|Any CPU
		{BFE471B2-E0F8-4334-AF98-5D479A729724}.Release|Any CPU.Build.0 = Release|Any CPU
	EndGlobalSection
	GlobalSection(SolutionProperties) = preSolution
		HideSolutionNode = FALSE
	EndGlobalSection
	GlobalSection(ExtensibilityGlobals) = postSolution
		SolutionGuid = {0F8EC104-1C42-4D42-8FB6-00A64F6B87EB}
	EndGlobalSection
EndGlobal
